{
  "name": "net-toolkit.js",
  "version": "1.0.6",
  "lockfileVersion": 2,
  "requires": true,
  "packages": {
    "": {
      "name": "net-toolkit.js",
      "version": "1.0.6",
      "license": "MIT",
      "dependencies": {
        "ping": "^0.4.1"
      }
    },
    "node_modules/ping": {
      "version": "0.4.1",
      "resolved": "https://registry.npmjs.org/ping/-/ping-0.4.1.tgz",
      "integrity": "sha512-zYouogtyis0QpEZwWY1T26iuIOMJx+ajtjVMcPKIdWRq2Ie3Ftkbel8I25M5kCAQQMQhsez6ZbPiYjNe7aBjSQ==",
      "dependencies": {
        "q": "1.x",
        "underscore": "^1.12.0"
      },
      "engines": {
        "node": ">=4.0.0"
      }
    },
    "node_modules/q": {
      "version": "1.5.1",
      "resolved": "https://registry.npmjs.org/q/-/q-1.5.1.tgz",
      "integrity": "sha1-fjL3W0E4EpHQRhHxvxQQmsAGUdc=",
      "engines": {
        "node": ">=0.6.0",
        "teleport": ">=0.2.0"
      }
    },
    "node_modules/underscore": {
      "version": "1.13.3",
      "resolved": "https://registry.npmjs.org/underscore/-/underscore-1.13.3.tgz",
      "integrity": "sha512-QvjkYpiD+dJJraRA8+dGAU4i7aBbb2s0S3jA45TFOvg2VgqvdCDd/3N6CqA8gluk1W91GLoXg5enMUx560QzuA=="
    }
  },
  "dependencies": {
    "ping": {
      "version": "0.4.1",
      "resolved": "https://registry.npmjs.org/ping/-/ping-0.4.1.tgz",
      "integrity": "sha512-zYouogtyis0QpEZwWY1T26iuIOMJx+ajtjVMcPKIdWRq2Ie3Ftkbel8I25M5kCAQQMQhsez6ZbPiYjNe7aBjSQ==",
      "requires": {
        "q": "1.x",
        "underscore": "^1.12.0"
      }
    },
    "q": {
      "version": "1.5.1",
      "resolved": "https://registry.npmjs.org/q/-/q-1.5.1.tgz",
      "integrity": "sha1-fjL3W0E4EpHQRhHxvxQQmsAGUdc="
    },
    "underscore": {
      "version": "1.13.3",
      "resolved": "https://registry.npmjs.org/underscore/-/underscore-1.13.3.tgz",
      "integrity": "sha512-QvjkYpiD+dJJraRA8+dGAU4i7aBbb2s0S3jA45TFOvg2VgqvdCDd/3N6CqA8gluk1W91GLoXg5enMUx560QzuA=="
    }
  }
}
